
Microsoft Visual Studio Solution File, Format Version 12.00
# Visual Studio Version 17
VisualStudioVersion = 17.14.36414.22 d17.14
MinimumVisualStudioVersion = 10.0.40219.1
Project("{FAE04EC0-301F-11D3-BF4B-00C04F79EFBC}") = "NEBULA_V5", "NEBULA_V5.csproj", "{977A01E3-CC10-408F-A4F8-A4ED6DDDE4FE}"
EndProject
Global
	GlobalSection(SolutionConfigurationPlatforms) = preSolution
		Debug|Any CPU = Debug|Any CPU
		Release|Any CPU = Release|Any CPU
	EndGlobalSection
	GlobalSection(ProjectConfigurationPlatforms) = postSolution
		{977A01E3-CC10-408F-A4F8-A4ED6DDDE4FE}.Debug|Any CPU.ActiveCfg = Debug|Any CPU
		{977A01E3-CC10-408F-A4F8-A4ED6DDDE4FE}.Debug|Any CPU.Build.0 = Debug|Any CPU
		{977A01E3-CC10-408F-A4F8-A4ED6DDDE4FE}.Release|Any CPU.ActiveCfg = Release|Any CPU
		{977A01E3-CC10-408F-A4F8-A4ED6DDDE4FE}.Release|Any CPU.Build.0 = Release|Any CPU
	EndGlobalSection
	GlobalSection(SolutionProperties) = preSolution
		HideSolutionNode = FALSE
	EndGlobalSection
	GlobalSection(ExtensibilityGlobals) = postSolution
		SolutionGuid = {5C9A7ED8-511C-49A2-91BA-02BB2724A957}
	EndGlobalSection
EndGlobal
